
Microsoft Visual Studio Solution File, Format Version 12.00
Project("{FAE04EC0-301F-11D3-BF4B-00C04F79EFBC}") = "Module1", "Module1\Module1.csproj", "{125F8002-60D4-472D-A32D-900D1C67A10D}"
EndProject
Project("{FAE04EC0-301F-11D3-BF4B-00C04F79EFBC}") = "Module2", "Module2\Module2.csproj", "{CDA94F8B-FA2B-4EE9-A60B-F65D54EBDD01}"
EndProject
Project("{FAE04EC0-301F-11D3-BF4B-00C04F79EFBC}") = "Module3", "Module3\Module3.csproj", "{0DA5C296-4646-46F1-A85D-FC2AB9B5A5E0}"
EndProject
Project("{FAE04EC0-301F-11D3-BF4B-00C04F79EFBC}") = "Module4", "Module4\Module4.csproj", "{9572F3CE-F2F4-4D53-98BC-39F5689480E5}"
EndProject
Project("{FAE04EC0-301F-11D3-BF4B-00C04F79EFBC}") = "Module5", "Module5\Module5.csproj", "{9543875E-170D-4388-AFD5-2EA816D10FC1}"
EndProject
Project("{FAE04EC0-301F-11D3-BF4B-00C04F79EFBC}") = "Module6", "Module6\Module6.csproj", "{69F9F68A-0F5B-4E60-B838-3A0E77AFBD02}"
EndProject
Project("{FAE04EC0-301F-11D3-BF4B-00C04F79EFBC}") = "Module7", "Module7\Module7.csproj", "{3E48E74E-2767-41E3-ACE0-AB8EBA31EFD3}"
EndProject
Project("{FAE04EC0-301F-11D3-BF4B-00C04F79EFBC}") = "Module8", "Module8\Module8.csproj", "{74711789-85ED-4EAF-AEF1-20AB691C206B}"
EndProject
Project("{FAE04EC0-301F-11D3-BF4B-00C04F79EFBC}") = "Module9", "Module9\Module9.csproj", "{BA191E96-0D34-48DD-B5A2-1A647DC38429}"
EndProject
Project("{FAE04EC0-301F-11D3-BF4B-00C04F79EFBC}") = "Module10", "Module10\Module10.csproj", "{559E47CA-BD79-4943-A365-87ED410582B0}"
EndProject
Project("{FAE04EC0-301F-11D3-BF4B-00C04F79EFBC}") = "Module11", "Module11\Module11.csproj", "{42C6314B-91F4-43F9-9FEE-806628F3D323}"
EndProject
Project("{FAE04EC0-301F-11D3-BF4B-00C04F79EFBC}") = "Module12", "Module12\Module12.csproj", "{AFAB3F7A-9A07-46CF-81EE-0E8A66290F75}"
EndProject
Project("{FAE04EC0-301F-11D3-BF4B-00C04F79EFBC}") = "Module13", "Module13\Module13.csproj", "{DC4D4E12-CA86-4F44-AB84-AFB67DEA7798}"
EndProject
Project("{FAE04EC0-301F-11D3-BF4B-00C04F79EFBC}") = "Module14", "Module14\Module14.csproj", "{6B1FB056-DDF9-4F17-A6E7-7E9102E3E43C}"
EndProject
Project("{FAE04EC0-301F-11D3-BF4B-00C04F79EFBC}") = "Module15", "Module15\Module15.csproj", "{D20FB9E7-D312-414E-ADD3-731317C65AC1}"
EndProject
Project("{FAE04EC0-301F-11D3-BF4B-00C04F79EFBC}") = "Module16", "Module16\Module16.csproj", "{A167A438-FD61-44C3-B8AA-4A213997DD7B}"
EndProject
Project("{FAE04EC0-301F-11D3-BF4B-00C04F79EFBC}") = "Module18", "Module18\Module18.csproj", "{F342C7C3-0D59-4522-9EB8-508256D18834}"
EndProject
Project("{FAE04EC0-301F-11D3-BF4B-00C04F79EFBC}") = "Module19", "Module19\Module19.csproj", "{0CDBBD84-5523-496B-BD3C-01CED729A6B0}"
EndProject
Project("{FAE04EC0-301F-11D3-BF4B-00C04F79EFBC}") = "Module17", "Module17\Module17.csproj", "{ABF63419-C5CC-4FFE-A5A2-74C8C089544F}"
EndProject
Project("{2150E333-8FDC-42A3-9474-1A3956D46DE8}") = "CapstoneProjects", "CapstoneProjects", "{43C35F06-CFDE-49D8-B3ED-39E2B60AF520}"
EndProject
Project("{FAE04EC0-301F-11D3-BF4B-00C04F79EFBC}") = "StudentGradeAnalyzer", "StudentGradeAnalyzer\StudentGradeAnalyzer.csproj", "{2025E15B-4937-4BBF-9D09-6A58487A6A2D}"
EndProject
Project("{FAE04EC0-301F-11D3-BF4B-00C04F79EFBC}") = "EcommOrderReport", "EcommOrderReport\EcommOrderReport.csproj", "{294A4EB1-8276-40F0-B07F-9C6C5E5F2141}"
EndProject
Project("{FAE04EC0-301F-11D3-BF4B-00C04F79EFBC}") = "SalesAnalyzer", "SalesAnalyzer\SalesAnalyzer.csproj", "{8CC6068E-D8BB-44AE-9249-FF9537720ABE}"
EndProject
Global
	GlobalSection(SolutionConfigurationPlatforms) = preSolution
		Debug|Any CPU = Debug|Any CPU
		Release|Any CPU = Release|Any CPU
	EndGlobalSection
	GlobalSection(ProjectConfigurationPlatforms) = postSolution
		{125F8002-60D4-472D-A32D-900D1C67A10D}.Debug|Any CPU.ActiveCfg = Debug|Any CPU
		{125F8002-60D4-472D-A32D-900D1C67A10D}.Debug|Any CPU.Build.0 = Debug|Any CPU
		{125F8002-60D4-472D-A32D-900D1C67A10D}.Release|Any CPU.ActiveCfg = Release|Any CPU
		{125F8002-60D4-472D-A32D-900D1C67A10D}.Release|Any CPU.Build.0 = Release|Any CPU
		{CDA94F8B-FA2B-4EE9-A60B-F65D54EBDD01}.Debug|Any CPU.ActiveCfg = Debug|Any CPU
		{CDA94F8B-FA2B-4EE9-A60B-F65D54EBDD01}.Debug|Any CPU.Build.0 = Debug|Any CPU
		{CDA94F8B-FA2B-4EE9-A60B-F65D54EBDD01}.Release|Any CPU.ActiveCfg = Release|Any CPU
		{CDA94F8B-FA2B-4EE9-A60B-F65D54EBDD01}.Release|Any CPU.Build.0 = Release|Any CPU
		{0DA5C296-4646-46F1-A85D-FC2AB9B5A5E0}.Debug|Any CPU.ActiveCfg = Debug|Any CPU
		{0DA5C296-4646-46F1-A85D-FC2AB9B5A5E0}.Debug|Any CPU.Build.0 = Debug|Any CPU
		{0DA5C296-4646-46F1-A85D-FC2AB9B5A5E0}.Release|Any CPU.ActiveCfg = Release|Any CPU
		{0DA5C296-4646-46F1-A85D-FC2AB9B5A5E0}.Release|Any CPU.Build.0 = Release|Any CPU
		{9572F3CE-F2F4-4D53-98BC-39F5689480E5}.Debug|Any CPU.ActiveCfg = Debug|Any CPU
		{9572F3CE-F2F4-4D53-98BC-39F5689480E5}.Debug|Any CPU.Build.0 = Debug|Any CPU
		{9572F3CE-F2F4-4D53-98BC-39F5689480E5}.Release|Any CPU.ActiveCfg = Release|Any CPU
		{9572F3CE-F2F4-4D53-98BC-39F5689480E5}.Release|Any CPU.Build.0 = Release|Any CPU
		{9543875E-170D-4388-AFD5-2EA816D10FC1}.Debug|Any CPU.ActiveCfg = Debug|Any CPU
		{9543875E-170D-4388-AFD5-2EA816D10FC1}.Debug|Any CPU.Build.0 = Debug|Any CPU
		{9543875E-170D-4388-AFD5-2EA816D10FC1}.Release|Any CPU.ActiveCfg = Release|Any CPU
		{9543875E-170D-4388-AFD5-2EA816D10FC1}.Release|Any CPU.Build.0 = Release|Any CPU
		{69F9F68A-0F5B-4E60-B838-3A0E77AFBD02}.Debug|Any CPU.ActiveCfg = Debug|Any CPU
		{69F9F68A-0F5B-4E60-B838-3A0E77AFBD02}.Debug|Any CPU.Build.0 = Debug|Any CPU
		{69F9F68A-0F5B-4E60-B838-3A0E77AFBD02}.Release|Any CPU.ActiveCfg = Release|Any CPU
		{69F9F68A-0F5B-4E60-B838-3A0E77AFBD02}.Release|Any CPU.Build.0 = Release|Any CPU
		{3E48E74E-2767-41E3-ACE0-AB8EBA31EFD3}.Debug|Any CPU.ActiveCfg = Debug|Any CPU
		{3E48E74E-2767-41E3-ACE0-AB8EBA31EFD3}.Debug|Any CPU.Build.0 = Debug|Any CPU
		{3E48E74E-2767-41E3-ACE0-AB8EBA31EFD3}.Release|Any CPU.ActiveCfg = Release|Any CPU
		{3E48E74E-2767-41E3-ACE0-AB8EBA31EFD3}.Release|Any CPU.Build.0 = Release|Any CPU
		{74711789-85ED-4EAF-AEF1-20AB691C206B}.Debug|Any CPU.ActiveCfg = Debug|Any CPU
		{74711789-85ED-4EAF-AEF1-20AB691C206B}.Debug|Any CPU.Build.0 = Debug|Any CPU
		{74711789-85ED-4EAF-AEF1-20AB691C206B}.Release|Any CPU.ActiveCfg = Release|Any CPU
		{74711789-85ED-4EAF-AEF1-20AB691C206B}.Release|Any CPU.Build.0 = Release|Any CPU
		{BA191E96-0D34-48DD-B5A2-1A647DC38429}.Debug|Any CPU.ActiveCfg = Debug|Any CPU
		{BA191E96-0D34-48DD-B5A2-1A647DC38429}.Debug|Any CPU.Build.0 = Debug|Any CPU
		{BA191E96-0D34-48DD-B5A2-1A647DC38429}.Release|Any CPU.ActiveCfg = Release|Any CPU
		{BA191E96-0D34-48DD-B5A2-1A647DC38429}.Release|Any CPU.Build.0 = Release|Any CPU
		{559E47CA-BD79-4943-A365-87ED410582B0}.Debug|Any CPU.ActiveCfg = Debug|Any CPU
		{559E47CA-BD79-4943-A365-87ED410582B0}.Debug|Any CPU.Build.0 = Debug|Any CPU
		{559E47CA-BD79-4943-A365-87ED410582B0}.Release|Any CPU.ActiveCfg = Release|Any CPU
		{559E47CA-BD79-4943-A365-87ED410582B0}.Release|Any CPU.Build.0 = Release|Any CPU
		{42C6314B-91F4-43F9-9FEE-806628F3D323}.Debug|Any CPU.ActiveCfg = Debug|Any CPU
		{42C6314B-91F4-43F9-9FEE-806628F3D323}.Debug|Any CPU.Build.0 = Debug|Any CPU
		{42C6314B-91F4-43F9-9FEE-806628F3D323}.Release|Any CPU.ActiveCfg = Release|Any CPU
		{42C6314B-91F4-43F9-9FEE-806628F3D323}.Release|Any CPU.Build.0 = Release|Any CPU
		{AFAB3F7A-9A07-46CF-81EE-0E8A66290F75}.Debug|Any CPU.ActiveCfg = Debug|Any CPU
		{AFAB3F7A-9A07-46CF-81EE-0E8A66290F75}.Debug|Any CPU.Build.0 = Debug|Any CPU
		{AFAB3F7A-9A07-46CF-81EE-0E8A66290F75}.Release|Any CPU.ActiveCfg = Release|Any CPU
		{AFAB3F7A-9A07-46CF-81EE-0E8A66290F75}.Release|Any CPU.Build.0 = Release|Any CPU
		{DC4D4E12-CA86-4F44-AB84-AFB67DEA7798}.Debug|Any CPU.ActiveCfg = Debug|Any CPU
		{DC4D4E12-CA86-4F44-AB84-AFB67DEA7798}.Debug|Any CPU.Build.0 = Debug|Any CPU
		{DC4D4E12-CA86-4F44-AB84-AFB67DEA7798}.Release|Any CPU.ActiveCfg = Release|Any CPU
		{DC4D4E12-CA86-4F44-AB84-AFB67DEA7798}.Release|Any CPU.Build.0 = Release|Any CPU
		{6B1FB056-DDF9-4F17-A6E7-7E9102E3E43C}.Debug|Any CPU.ActiveCfg = Debug|Any CPU
		{6B1FB056-DDF9-4F17-A6E7-7E9102E3E43C}.Debug|Any CPU.Build.0 = Debug|Any CPU
		{6B1FB056-DDF9-4F17-A6E7-7E9102E3E43C}.Release|Any CPU.ActiveCfg = Release|Any CPU
		{6B1FB056-DDF9-4F17-A6E7-7E9102E3E43C}.Release|Any CPU.Build.0 = Release|Any CPU
		{D20FB9E7-D312-414E-ADD3-731317C65AC1}.Debug|Any CPU.ActiveCfg = Debug|Any CPU
		{D20FB9E7-D312-414E-ADD3-731317C65AC1}.Debug|Any CPU.Build.0 = Debug|Any CPU
		{D20FB9E7-D312-414E-ADD3-731317C65AC1}.Release|Any CPU.ActiveCfg = Release|Any CPU
		{D20FB9E7-D312-414E-ADD3-731317C65AC1}.Release|Any CPU.Build.0 = Release|Any CPU
		{A167A438-FD61-44C3-B8AA-4A213997DD7B}.Debug|Any CPU.ActiveCfg = Debug|Any CPU
		{A167A438-FD61-44C3-B8AA-4A213997DD7B}.Debug|Any CPU.Build.0 = Debug|Any CPU
		{A167A438-FD61-44C3-B8AA-4A213997DD7B}.Release|Any CPU.ActiveCfg = Release|Any CPU
		{A167A438-FD61-44C3-B8AA-4A213997DD7B}.Release|Any CPU.Build.0 = Release|Any CPU
		{F342C7C3-0D59-4522-9EB8-508256D18834}.Debug|Any CPU.ActiveCfg = Debug|Any CPU
		{F342C7C3-0D59-4522-9EB8-508256D18834}.Debug|Any CPU.Build.0 = Debug|Any CPU
		{F342C7C3-0D59-4522-9EB8-508256D18834}.Release|Any CPU.ActiveCfg = Release|Any CPU
		{F342C7C3-0D59-4522-9EB8-508256D18834}.Release|Any CPU.Build.0 = Release|Any CPU
		{0CDBBD84-5523-496B-BD3C-01CED729A6B0}.Debug|Any CPU.ActiveCfg = Debug|Any CPU
		{0CDBBD84-5523-496B-BD3C-01CED729A6B0}.Debug|Any CPU.Build.0 = Debug|Any CPU
		{0CDBBD84-5523-496B-BD3C-01CED729A6B0}.Release|Any CPU.ActiveCfg = Release|Any CPU
		{0CDBBD84-5523-496B-BD3C-01CED729A6B0}.Release|Any CPU.Build.0 = Release|Any CPU
		{ABF63419-C5CC-4FFE-A5A2-74C8C089544F}.Debug|Any CPU.ActiveCfg = Debug|Any CPU
		{ABF63419-C5CC-4FFE-A5A2-74C8C089544F}.Debug|Any CPU.Build.0 = Debug|Any CPU
		{ABF63419-C5CC-4FFE-A5A2-74C8C089544F}.Release|Any CPU.ActiveCfg = Release|Any CPU
		{ABF63419-C5CC-4FFE-A5A2-74C8C089544F}.Release|Any CPU.Build.0 = Release|Any CPU
		{2025E15B-4937-4BBF-9D09-6A58487A6A2D}.Debug|Any CPU.ActiveCfg = Debug|Any CPU
		{2025E15B-4937-4BBF-9D09-6A58487A6A2D}.Debug|Any CPU.Build.0 = Debug|Any CPU
		{2025E15B-4937-4BBF-9D09-6A58487A6A2D}.Release|Any CPU.ActiveCfg = Release|Any CPU
		{2025E15B-4937-4BBF-9D09-6A58487A6A2D}.Release|Any CPU.Build.0 = Release|Any CPU
		{294A4EB1-8276-40F0-B07F-9C6C5E5F2141}.Debug|Any CPU.ActiveCfg = Debug|Any CPU
		{294A4EB1-8276-40F0-B07F-9C6C5E5F2141}.Debug|Any CPU.Build.0 = Debug|Any CPU
		{294A4EB1-8276-40F0-B07F-9C6C5E5F2141}.Release|Any CPU.ActiveCfg = Release|Any CPU
		{294A4EB1-8276-40F0-B07F-9C6C5E5F2141}.Release|Any CPU.Build.0 = Release|Any CPU
		{8CC6068E-D8BB-44AE-9249-FF9537720ABE}.Debug|Any CPU.ActiveCfg = Debug|Any CPU
		{8CC6068E-D8BB-44AE-9249-FF9537720ABE}.Debug|Any CPU.Build.0 = Debug|Any CPU
		{8CC6068E-D8BB-44AE-9249-FF9537720ABE}.Release|Any CPU.ActiveCfg = Release|Any CPU
		{8CC6068E-D8BB-44AE-9249-FF9537720ABE}.Release|Any CPU.Build.0 = Release|Any CPU
	EndGlobalSection
	GlobalSection(NestedProjects) = preSolution
		{2025E15B-4937-4BBF-9D09-6A58487A6A2D} = {43C35F06-CFDE-49D8-B3ED-39E2B60AF520}
		{294A4EB1-8276-40F0-B07F-9C6C5E5F2141} = {43C35F06-CFDE-49D8-B3ED-39E2B60AF520}
		{8CC6068E-D8BB-44AE-9249-FF9537720ABE} = {43C35F06-CFDE-49D8-B3ED-39E2B60AF520}
	EndGlobalSection
EndGlobal
